
Microsoft Visual Studio Solution File, Format Version 12.00
# Visual Studio Version 16
VisualStudioVersion = 25.0.1703.6
MinimumVisualStudioVersion = 10.0.40219.1
Project("{FAE04EC0-301F-11D3-BF4B-00C04F79EFBC}") = "FirstTask", "FirstTask\FirstTask.csproj", "{DBE36686-38BC-43C4-9473-CB34B8EB35D6}"
EndProject
Global
	GlobalSection(SolutionConfigurationPlatforms) = preSolution
		Debug|Any CPU = Debug|Any CPU
		Release|Any CPU = Release|Any CPU
	EndGlobalSection
	GlobalSection(ProjectConfigurationPlatforms) = postSolution
		{DBE36686-38BC-43C4-9473-CB34B8EB35D6}.Debug|Any CPU.ActiveCfg = Debug|Any CPU
		{DBE36686-38BC-43C4-9473-CB34B8EB35D6}.Debug|Any CPU.Build.0 = Debug|Any CPU
		{DBE36686-38BC-43C4-9473-CB34B8EB35D6}.Release|Any CPU.ActiveCfg = Release|Any CPU
		{DBE36686-38BC-43C4-9473-CB34B8EB35D6}.Release|Any CPU.Build.0 = Release|Any CPU
	EndGlobalSection
	GlobalSection(SolutionProperties) = preSolution
		HideSolutionNode = FALSE
	EndGlobalSection
	GlobalSection(ExtensibilityGlobals) = postSolution
		SolutionGuid = {3203876B-9322-444F-A1E5-56587244ED91}
	EndGlobalSection
EndGlobal
